# This file is automatically @generated by Cargo.
# It is not intended for manual editing.
version = 3

[[package]]
name = "prusti-contracts"
version = "0.1.10"
source = "registry+https://github.com/rust-lang/crates.io-index"
checksum = "84501b8931e0e15f177bb49f107a0fe54f8d4da05cfff4d95c298af6f3f1487e"
dependencies = [
 "prusti-contracts-proc-macros",
]

[[package]]
name = "prusti-contracts-proc-macros"
version = "0.1.10"
source = "registry+https://github.com/rust-lang/crates.io-index"
checksum = "d0130aef475bc8363bdfc2e5104e2fed091d4ac63b4ea8039fd55453b14d7c8a"

[[package]]
name = "prusti-test"
version = "0.1.0"
dependencies = [
 "prusti-contracts",
]
